
Microsoft Visual Studio Solution File, Format Version 12.00
# Visual Studio Version 17
VisualStudioVersion = 17.7.34031.279
MinimumVisualStudioVersion = 10.0.40219.1
Project("{FAE04EC0-301F-11D3-BF4B-00C04F79EFBC}") = "WebApplication3", "WebApplication3\WebApplication3.csproj", "{765D4780-6B56-4B69-AC75-45CCB6FC02B3}"
EndProject
Global
	GlobalSection(SolutionConfigurationPlatforms) = preSolution
		Debug|Any CPU = Debug|Any CPU
		Release|Any CPU = Release|Any CPU
	EndGlobalSection
	GlobalSection(ProjectConfigurationPlatforms) = postSolution
		{765D4780-6B56-4B69-AC75-45CCB6FC02B3}.Debug|Any CPU.ActiveCfg = Debug|Any CPU
		{765D4780-6B56-4B69-AC75-45CCB6FC02B3}.Debug|Any CPU.Build.0 = Debug|Any CPU
		{765D4780-6B56-4B69-AC75-45CCB6FC02B3}.Release|Any CPU.ActiveCfg = Release|Any CPU
		{765D4780-6B56-4B69-AC75-45CCB6FC02B3}.Release|Any CPU.Build.0 = Release|Any CPU
	EndGlobalSection
	GlobalSection(SolutionProperties) = preSolution
		HideSolutionNode = FALSE
	EndGlobalSection
	GlobalSection(ExtensibilityGlobals) = postSolution
		SolutionGuid = {A0E956C9-3A38-4F26-B730-1F9BDB1FCCB4}
	EndGlobalSection
EndGlobal
